
Microsoft Visual Studio Solution File, Format Version 12.00
# Visual Studio Version 16
VisualStudioVersion = 16.0.30128.74
MinimumVisualStudioVersion = 10.0.40219.1
Project("{FAE04EC0-301F-11D3-BF4B-00C04F79EFBC}") = "Tutorial_7_BlockChain", "BlockChain\Tutorial_7_BlockChain.csproj", "{4E1E1B32-E952-4A30-8AA6-D513F285C959}"
EndProject
Project("{FAE04EC0-301F-11D3-BF4B-00C04F79EFBC}") = "Miner", "Miner\Miner.csproj", "{391960FD-1ED9-484B-AD9E-6CA326FD4DE4}"
EndProject
Project("{FAE04EC0-301F-11D3-BF4B-00C04F79EFBC}") = "Transaction", "Transaction\Transaction.csproj", "{794396D9-816B-4C3D-88CB-9D12D39AF90A}"
EndProject
Global
	GlobalSection(SolutionConfigurationPlatforms) = preSolution
		Debug|Any CPU = Debug|Any CPU
		Release|Any CPU = Release|Any CPU
	EndGlobalSection
	GlobalSection(ProjectConfigurationPlatforms) = postSolution
		{4E1E1B32-E952-4A30-8AA6-D513F285C959}.Debug|Any CPU.ActiveCfg = Debug|Any CPU
		{4E1E1B32-E952-4A30-8AA6-D513F285C959}.Debug|Any CPU.Build.0 = Debug|Any CPU
		{4E1E1B32-E952-4A30-8AA6-D513F285C959}.Release|Any CPU.ActiveCfg = Release|Any CPU
		{4E1E1B32-E952-4A30-8AA6-D513F285C959}.Release|Any CPU.Build.0 = Release|Any CPU
		{391960FD-1ED9-484B-AD9E-6CA326FD4DE4}.Debug|Any CPU.ActiveCfg = Debug|Any CPU
		{391960FD-1ED9-484B-AD9E-6CA326FD4DE4}.Debug|Any CPU.Build.0 = Debug|Any CPU
		{391960FD-1ED9-484B-AD9E-6CA326FD4DE4}.Release|Any CPU.ActiveCfg = Release|Any CPU
		{391960FD-1ED9-484B-AD9E-6CA326FD4DE4}.Release|Any CPU.Build.0 = Release|Any CPU
		{794396D9-816B-4C3D-88CB-9D12D39AF90A}.Debug|Any CPU.ActiveCfg = Debug|Any CPU
		{794396D9-816B-4C3D-88CB-9D12D39AF90A}.Debug|Any CPU.Build.0 = Debug|Any CPU
		{794396D9-816B-4C3D-88CB-9D12D39AF90A}.Release|Any CPU.ActiveCfg = Release|Any CPU
		{794396D9-816B-4C3D-88CB-9D12D39AF90A}.Release|Any CPU.Build.0 = Release|Any CPU
	EndGlobalSection
	GlobalSection(SolutionProperties) = preSolution
		HideSolutionNode = FALSE
	EndGlobalSection
	GlobalSection(ExtensibilityGlobals) = postSolution
		SolutionGuid = {ACB5AC4F-A383-4918-8901-CA49F338882E}
	EndGlobalSection
EndGlobal
