
Microsoft Visual Studio Solution File, Format Version 12.00
# Visual Studio Version 16
VisualStudioVersion = 16.0.30128.74
MinimumVisualStudioVersion = 10.0.40219.1
Project("{FAE04EC0-301F-11D3-BF4B-00C04F79EFBC}") = "BlockChainApi", "BlockChain\BlockChainApi.csproj", "{951746E0-409B-4E91-A3B3-4C10DC0D203F}"
EndProject
Project("{FAE04EC0-301F-11D3-BF4B-00C04F79EFBC}") = "ClientLibrary", "ClientLibrary\ClientLibrary.csproj", "{22F1EC3C-5DC9-4220-A7F7-BAFBBDC08D59}"
EndProject
Project("{FAE04EC0-301F-11D3-BF4B-00C04F79EFBC}") = "ClientApplication", "ClientApplication\ClientApplication.csproj", "{233A4228-DCD2-42C1-9741-140D032D3C21}"
EndProject
Project("{FAE04EC0-301F-11D3-BF4B-00C04F79EFBC}") = "BlocksLibrary", "BlocksLibrary\BlocksLibrary.csproj", "{7BB909C7-1D6E-4ADB-A0E9-98E8557D11CE}"
EndProject
Global
	GlobalSection(SolutionConfigurationPlatforms) = preSolution
		Debug|Any CPU = Debug|Any CPU
		Release|Any CPU = Release|Any CPU
	EndGlobalSection
	GlobalSection(ProjectConfigurationPlatforms) = postSolution
		{951746E0-409B-4E91-A3B3-4C10DC0D203F}.Debug|Any CPU.ActiveCfg = Debug|Any CPU
		{951746E0-409B-4E91-A3B3-4C10DC0D203F}.Debug|Any CPU.Build.0 = Debug|Any CPU
		{951746E0-409B-4E91-A3B3-4C10DC0D203F}.Release|Any CPU.ActiveCfg = Release|Any CPU
		{951746E0-409B-4E91-A3B3-4C10DC0D203F}.Release|Any CPU.Build.0 = Release|Any CPU
		{22F1EC3C-5DC9-4220-A7F7-BAFBBDC08D59}.Debug|Any CPU.ActiveCfg = Debug|Any CPU
		{22F1EC3C-5DC9-4220-A7F7-BAFBBDC08D59}.Debug|Any CPU.Build.0 = Debug|Any CPU
		{22F1EC3C-5DC9-4220-A7F7-BAFBBDC08D59}.Release|Any CPU.ActiveCfg = Release|Any CPU
		{22F1EC3C-5DC9-4220-A7F7-BAFBBDC08D59}.Release|Any CPU.Build.0 = Release|Any CPU
		{233A4228-DCD2-42C1-9741-140D032D3C21}.Debug|Any CPU.ActiveCfg = Debug|Any CPU
		{233A4228-DCD2-42C1-9741-140D032D3C21}.Debug|Any CPU.Build.0 = Debug|Any CPU
		{233A4228-DCD2-42C1-9741-140D032D3C21}.Release|Any CPU.ActiveCfg = Release|Any CPU
		{233A4228-DCD2-42C1-9741-140D032D3C21}.Release|Any CPU.Build.0 = Release|Any CPU
		{7BB909C7-1D6E-4ADB-A0E9-98E8557D11CE}.Debug|Any CPU.ActiveCfg = Debug|Any CPU
		{7BB909C7-1D6E-4ADB-A0E9-98E8557D11CE}.Debug|Any CPU.Build.0 = Debug|Any CPU
		{7BB909C7-1D6E-4ADB-A0E9-98E8557D11CE}.Release|Any CPU.ActiveCfg = Release|Any CPU
		{7BB909C7-1D6E-4ADB-A0E9-98E8557D11CE}.Release|Any CPU.Build.0 = Release|Any CPU
	EndGlobalSection
	GlobalSection(SolutionProperties) = preSolution
		HideSolutionNode = FALSE
	EndGlobalSection
	GlobalSection(ExtensibilityGlobals) = postSolution
		SolutionGuid = {52054CFB-9144-4F96-8DB7-85D48816C440}
	EndGlobalSection
EndGlobal
